version = 1
revision = 3
requires-python = ">=3.12"
resolution-markers = [
    "python_full_version >= '3.14' and sys_platform == 'darwin'",
    "python_full_version == '3.13.*' and sys_platform == 'darwin'",
    "python_full_version < '3.13' and sys_platform == 'darwin'",
    "python_full_version >= '3.14' and platform_machine == 'aarch64' and sys_platform == 'linux'",
    "python_full_version == '3.13.*' and platform_machine == 'aarch64' and sys_platform == 'linux'",
    "python_full_version < '3.13' and platform_machine == 'aarch64' and sys_platform == 'linux'",
    "(python_full_version >= '3.14' and platform_machine != 'aarch64' and sys_platform == 'linux') or (python_full_version >= '3.14' and sys_platform != 'darwin' and sys_platform != 'linux')",
    "(python_full_version == '3.13.*' and platform_machine != 'aarch64' and sys_platform == 'linux') or (python_full_version == '3.13.*' and sys_platform != 'darwin' and sys_platform != 'linux')",
    "(python_full_version < '3.13' and platform_machine != 'aarch64' and sys_platform == 'linux') or (python_full_version < '3.13' and sys_platform != 'darwin' and sys_platform != 'linux')",
]

[[package]]
name = "boto3"
version = "1.35.99"
source = { registry = "https://pypi.tuna.tsinghua.edu.cn/simple" }
dependencies = [
    { name = "botocore" },
    { name = "jmespath" },
    { name = "s3transfer" },
]
sdist = { url = "https://pypi.tuna.tsinghua.edu.cn/packages/f7/99/3e8b48f15580672eda20f33439fc1622bd611f6238b6d05407320e1fb98c/boto3-1.35.99.tar.gz", hash = "sha256:e0abd794a7a591d90558e92e29a9f8837d25ece8e3c120e530526fe27eba5fca", size = 111028, upload-time = "2025-01-14T20:20:28.636Z" }
wheels = [
    { url = "https://pypi.tuna.tsinghua.edu.cn/packages/65/77/8bbca82f70b062181cf0ae53fd43f1ac6556f3078884bfef9da2269c06a3/boto3-1.35.99-py3-none-any.whl", hash = "sha256:83e560faaec38a956dfb3d62e05e1703ee50432b45b788c09e25107c5058bd71", size = 139178, upload-time = "2025-01-14T20:20:25.48Z" },
]

[[package]]
name = "botocore"
version = "1.35.99"
source = { registry = "https://pypi.tuna.tsinghua.edu.cn/simple" }
dependencies = [
    { name = "jmespath" },
    { name = "python-dateutil" },
    { name = "urllib3" },
]
sdist = { url = "https://pypi.tuna.tsinghua.edu.cn/packages/7c/9c/1df6deceee17c88f7170bad8325aa91452529d683486273928eecfd946d8/botocore-1.35.99.tar.gz", hash = "sha256:1eab44e969c39c5f3d9a3104a0836c24715579a455f12b3979a31d7cde51b3c3", size = 13490969, upload-time = "2025-01-14T20:20:11.419Z" }
wheels = [
    { url = "https://pypi.tuna.tsinghua.edu.cn/packages/fc/dd/d87e2a145fad9e08d0ec6edcf9d71f838ccc7acdd919acc4c0d4a93515f8/botocore-1.35.99-py3-none-any.whl", hash = "sha256:b22d27b6b617fc2d7342090d6129000af2efd20174215948c0d7ae2da0fab445", size = 13293216, upload-time = "2025-01-14T20:20:06.427Z" },
]

[[package]]
name = "boulder-frame-worker"
version = "0.1.0"
source = { editable = "." }
dependencies = [
    { name = "boto3" },
    { name = "numpy" },
    { name = "onnxruntime" },
    { name = "opencv-python-headless" },
    { name = "psycopg", extra = ["binary"] },
    { name = "redis" },
]

[package.metadata]
requires-dist = [
    { name = "boto3", specifier = "==1.35.99" },
    { name = "numpy", specifier = "==1.26.4" },
    { name = "onnxruntime", specifier = "==1.22.0" },
    { name = "opencv-python-headless", specifier = "==4.10.0.84" },
    { name = "psycopg", extras = ["binary"], specifier = "==3.2.10" },
    { name = "redis", specifier = "==5.2.1" },
]

[[package]]
name = "coloredlogs"
version = "15.0.1"
source = { registry = "https://pypi.tuna.tsinghua.edu.cn/simple" }
dependencies = [
    { name = "humanfriendly" },
]
sdist = { url = "https://pypi.tuna.tsinghua.edu.cn/packages/cc/c7/eed8f27100517e8c0e6b923d5f0845d0cb99763da6fdee00478f91db7325/coloredlogs-15.0.1.tar.gz", hash = "sha256:7c991aa71a4577af2f82600d8f8f3a89f936baeaf9b50a9c197da014e5bf16b0", size = 278520, upload-time = "2021-06-11T10:22:45.202Z" }
wheels = [
    { url = "https://pypi.tuna.tsinghua.edu.cn/packages/a7/06/3d6badcf13db419e25b07041d9c7b4a2c331d3f4e7134445ec5df57714cd/coloredlogs-15.0.1-py2.py3-none-any.whl", hash = "sha256:612ee75c546f53e92e70049c9dbfcc18c935a2b9a53b66085ce9ef6a6e5c0934", size = 46018, upload-time = "2021-06-11T10:22:42.561Z" },
]

[[package]]
name = "flatbuffers"
version = "25.12.19"
source = { registry = "https://pypi.tuna.tsinghua.edu.cn/simple" }
wheels = [
    { url = "https://pypi.tuna.tsinghua.edu.cn/packages/e8/2d/d2a548598be01649e2d46231d151a6c56d10b964d94043a335ae56ea2d92/flatbuffers-25.12.19-py2.py3-none-any.whl", hash = "sha256:7634f50c427838bb021c2d66a3d1168e9d199b0607e6329399f04846d42e20b4", size = 26661, upload-time = "2025-12-19T23:16:13.622Z" },
]

[[package]]
name = "humanfriendly"
version = "10.0"
source = { registry = "https://pypi.tuna.tsinghua.edu.cn/simple" }
dependencies = [
    { name = "pyreadline3", marker = "sys_platform == 'win32'" },
]
sdist = { url = "https://pypi.tuna.tsinghua.edu.cn/packages/cc/3f/2c29224acb2e2df4d2046e4c73ee2662023c58ff5b113c4c1adac0886c43/humanfriendly-10.0.tar.gz", hash = "sha256:6b0b831ce8f15f7300721aa49829fc4e83921a9a301cc7f606be6686a2288ddc", size = 360702, upload-time = "2021-09-17T21:40:43.31Z" }
wheels = [
    { url = "https://pypi.tuna.tsinghua.edu.cn/packages/f0/0f/310fb31e39e2d734ccaa2c0fb981ee41f7bd5056ce9bc29b2248bd569169/humanfriendly-10.0-py2.py3-none-any.whl", hash = "sha256:1697e1a8a8f550fd43c2865cd84542fc175a61dcb779b6fee18cf6b6ccba1477", size = 86794, upload-time = "2021-09-17T21:40:39.897Z" },
]

[[package]]
name = "jmespath"
version = "1.1.0"
source = { registry = "https://pypi.tuna.tsinghua.edu.cn/simple" }
sdist = { url = "https://pypi.tuna.tsinghua.edu.cn/packages/d3/59/322338183ecda247fb5d1763a6cbe46eff7222eaeebafd9fa65d4bf5cb11/jmespath-1.1.0.tar.gz", hash = "sha256:472c87d80f36026ae83c6ddd0f1d05d4e510134ed462851fd5f754c8c3cbb88d", size = 27377, upload-time = "2026-01-22T16:35:26.279Z" }
wheels = [
    { url = "https://pypi.tuna.tsinghua.edu.cn/packages/14/2f/967ba146e6d58cf6a652da73885f52fc68001525b4197effc174321d70b4/jmespath-1.1.0-py3-none-any.whl", hash = "sha256:a5663118de4908c91729bea0acadca56526eb2698e83de10cd116ae0f4e97c64", size = 20419, upload-time = "2026-01-22T16:35:24.919Z" },
]

[[package]]
name = "mpmath"
version = "1.3.0"
source = { registry = "https://pypi.tuna.tsinghua.edu.cn/simple" }
sdist = { url = "https://pypi.tuna.tsinghua.edu.cn/packages/e0/47/dd32fa426cc72114383ac549964eecb20ecfd886d1e5ccf5340b55b02f57/mpmath-1.3.0.tar.gz", hash = "sha256:7a28eb2a9774d00c7bc92411c19a89209d5da7c4c9a9e227be8330a23a25b91f", size = 508106, upload-time = "2023-03-07T16:47:11.061Z" }
wheels = [
    { url = "https://pypi.tuna.tsinghua.edu.cn/packages/43/e3/7d92a15f894aa0c9c4b49b8ee9ac9850d6e63b03c9c32c0367a13ae62209/mpmath-1.3.0-py3-none-any.whl", hash = "sha256:a0b2b9fe80bbcd81a6647ff13108738cfb482d481d826cc0e02f5b35e5c88d2c", size = 536198, upload-time = "2023-03-07T16:47:09.197Z" },
]

[[package]]
name = "numpy"
version = "1.26.4"
source = { registry = "https://pypi.tuna.tsinghua.edu.cn/simple" }
sdist = { url = "https://pypi.tuna.tsinghua.edu.cn/packages/65/6e/09db70a523a96d25e115e71cc56a6f9031e7b8cd166c1ac8438307c14058/numpy-1.26.4.tar.gz", hash = "sha256:2a02aba9ed12e4ac4eb3ea9421c420301a0c6460d9830d74a9df87efa4912010", size = 15786129, upload-time = "2024-02-06T00:26:44.495Z" }
wheels = [
    { url = "https://pypi.tuna.tsinghua.edu.cn/packages/95/12/8f2020a8e8b8383ac0177dc9570aad031a3beb12e38847f7129bacd96228/numpy-1.26.4-cp312-cp312-macosx_10_9_x86_64.whl", hash = "sha256:b3ce300f3644fb06443ee2222c2201dd3a89ea6040541412b8fa189341847218", size = 20335901, upload-time = "2024-02-05T23:55:32.801Z" },
    { url = "https://pypi.tuna.tsinghua.edu.cn/packages/75/5b/ca6c8bd14007e5ca171c7c03102d17b4f4e0ceb53957e8c44343a9546dcc/numpy-1.26.4-cp312-cp312-macosx_11_0_arm64.whl", hash = "sha256:03a8c78d01d9781b28a6989f6fa1bb2c4f2d51201cf99d3dd875df6fbd96b23b", size = 13685868, upload-time = "2024-02-05T23:55:56.28Z" },
    { url = "https://pypi.tuna.tsinghua.edu.cn/packages/79/f8/97f10e6755e2a7d027ca783f63044d5b1bc1ae7acb12afe6a9b4286eac17/numpy-1.26.4-cp312-cp312-manylinux_2_17_aarch64.manylinux2014_aarch64.whl", hash = "sha256:9fad7dcb1aac3c7f0584a5a8133e3a43eeb2fe127f47e3632d43d677c66c102b", size = 13925109, upload-time = "2024-02-05T23:56:20.368Z" },
    { url = "https://pypi.tuna.tsinghua.edu.cn/packages/0f/50/de23fde84e45f5c4fda2488c759b69990fd4512387a8632860f3ac9cd225/numpy-1.26.4-cp312-cp312-manylinux_2_17_x86_64.manylinux2014_x86_64.whl", hash = "sha256:675d61ffbfa78604709862923189bad94014bef562cc35cf61d3a07bba02a7ed", size = 17950613, upload-time = "2024-02-05T23:56:56.054Z" },
    { url = "https://pypi.tuna.tsinghua.edu.cn/packages/4c/0c/9c603826b6465e82591e05ca230dfc13376da512b25ccd0894709b054ed0/numpy-1.26.4-cp312-cp312-musllinux_1_1_aarch64.whl", hash = "sha256:ab47dbe5cc8210f55aa58e4805fe224dac469cde56b9f731a4c098b91917159a", size = 13572172, upload-time = "2024-02-05T23:57:21.56Z" },
    { url = "https://pypi.tuna.tsinghua.edu.cn/packages/76/8c/2ba3902e1a0fc1c74962ea9bb33a534bb05984ad7ff9515bf8d07527cadd/numpy-1.26.4-cp312-cp312-musllinux_1_1_x86_64.whl", hash = "sha256:1dda2e7b4ec9dd512f84935c5f126c8bd8b9f2fc001e9f54af255e8c5f16b0e0", size = 17786643, upload-time = "2024-02-05T23:57:56.585Z" },
    { url = "https://pypi.tuna.tsinghua.edu.cn/packages/28/4a/46d9e65106879492374999e76eb85f87b15328e06bd1550668f79f7b18c6/numpy-1.26.4-cp312-cp312-win32.whl", hash = "sha256:50193e430acfc1346175fcbdaa28ffec49947a06918b7b92130744e81e640110", size = 5677803, upload-time = "2024-02-05T23:58:08.963Z" },
    { url = "https://pypi.tuna.tsinghua.edu.cn/packages/16/2e/86f24451c2d530c88daf997cb8d6ac622c1d40d19f5a031ed68a4b73a374/numpy-1.26.4-cp312-cp312-win_amd64.whl", hash = "sha256:08beddf13648eb95f8d867350f6a018a4be2e5ad54c8d8caed89ebca558b2818", size = 15517754, upload-time = "2024-02-05T23:58:36.364Z" },
]

[[package]]
name = "onnxruntime"
version = "1.22.0"
source = { registry = "https://pypi.tuna.tsinghua.edu.cn/simple" }
dependencies = [
    { name = "coloredlogs" },
    { name = "flatbuffers" },
    { name = "numpy" },
    { name = "packaging" },
    { name = "protobuf" },
    { name = "sympy" },
]
wheels = [
    { url = "https://pypi.tuna.tsinghua.edu.cn/packages/4d/de/9162872c6e502e9ac8c99a98a8738b2fab408123d11de55022ac4f92562a/onnxruntime-1.22.0-cp312-cp312-macosx_13_0_universal2.whl", hash = "sha256:f3c0380f53c1e72a41b3f4d6af2ccc01df2c17844072233442c3a7e74851ab97", size = 34298046, upload-time = "2025-05-09T20:26:02.399Z" },
    { url = "https://pypi.tuna.tsinghua.edu.cn/packages/03/79/36f910cd9fc96b444b0e728bba14607016079786adf032dae61f7c63b4aa/onnxruntime-1.22.0-cp312-cp312-manylinux_2_27_aarch64.manylinux_2_28_aarch64.whl", hash = "sha256:c8601128eaef79b636152aea76ae6981b7c9fc81a618f584c15d78d42b310f1c", size = 14443220, upload-time = "2025-05-09T20:25:47.078Z" },
    { url = "https://pypi.tuna.tsinghua.edu.cn/packages/8c/60/16d219b8868cc8e8e51a68519873bdb9f5f24af080b62e917a13fff9989b/onnxruntime-1.22.0-cp312-cp312-manylinux_2_27_x86_64.manylinux_2_28_x86_64.whl", hash = "sha256:6964a975731afc19dc3418fad8d4e08c48920144ff590149429a5ebe0d15fb3c", size = 16406377, upload-time = "2025-05-09T20:26:14.478Z" },
    { url = "https://pypi.tuna.tsinghua.edu.cn/packages/36/b4/3f1c71ce1d3d21078a6a74c5483bfa2b07e41a8d2b8fb1e9993e6a26d8d3/onnxruntime-1.22.0-cp312-cp312-win_amd64.whl", hash = "sha256:c0d534a43d1264d1273c2d4f00a5a588fa98d21117a3345b7104fa0bbcaadb9a", size = 12692233, upload-time = "2025-05-12T21:26:16.963Z" },
    { url = "https://pypi.tuna.tsinghua.edu.cn/packages/a9/65/5cb5018d5b0b7cba820d2c4a1d1b02d40df538d49138ba36a509457e4df6/onnxruntime-1.22.0-cp313-cp313-macosx_13_0_universal2.whl", hash = "sha256:fe7c051236aae16d8e2e9ffbfc1e115a0cc2450e873a9c4cb75c0cc96c1dae07", size = 34298715, upload-time = "2025-05-09T20:26:05.634Z" },
    { url = "https://pypi.tuna.tsinghua.edu.cn/packages/e1/89/1dfe1b368831d1256b90b95cb8d11da8ab769febd5c8833ec85ec1f79d21/onnxruntime-1.22.0-cp313-cp313-manylinux_2_27_aarch64.manylinux_2_28_aarch64.whl", hash = "sha256:6a6bbed10bc5e770c04d422893d3045b81acbbadc9fb759a2cd1ca00993da919", size = 14443266, upload-time = "2025-05-09T20:25:49.479Z" },
    { url = "https://pypi.tuna.tsinghua.edu.cn/packages/1e/70/342514ade3a33ad9dd505dcee96ff1f0e7be6d0e6e9c911fe0f1505abf42/onnxruntime-1.22.0-cp313-cp313-manylinux_2_27_x86_64.manylinux_2_28_x86_64.whl", hash = "sha256:9fe45ee3e756300fccfd8d61b91129a121d3d80e9d38e01f03ff1295badc32b8", size = 16406707, upload-time = "2025-05-09T20:26:17.454Z" },
    { url = "https://pypi.tuna.tsinghua.edu.cn/packages/3e/89/2f64e250945fa87140fb917ba377d6d0e9122e029c8512f389a9b7f953f4/onnxruntime-1.22.0-cp313-cp313-win_amd64.whl", hash = "sha256:5a31d84ef82b4b05d794a4ce8ba37b0d9deb768fd580e36e17b39e0b4840253b", size = 12691777, upload-time = "2025-05-12T21:26:20.19Z" },
    { url = "https://pypi.tuna.tsinghua.edu.cn/packages/9f/48/d61d5f1ed098161edd88c56cbac49207d7b7b149e613d2cd7e33176c63b3/onnxruntime-1.22.0-cp313-cp313t-manylinux_2_27_aarch64.manylinux_2_28_aarch64.whl", hash = "sha256:0a2ac5bd9205d831541db4e508e586e764a74f14efdd3f89af7fd20e1bf4a1ed", size = 14454003, upload-time = "2025-05-09T20:25:52.287Z" },
    { url = "https://pypi.tuna.tsinghua.edu.cn/packages/c3/16/873b955beda7bada5b0d798d3a601b2ff210e44ad5169f6d405b93892103/onnxruntime-1.22.0-cp313-cp313t-manylinux_2_27_x86_64.manylinux_2_28_x86_64.whl", hash = "sha256:64845709f9e8a2809e8e009bc4c8f73b788cee9c6619b7d9930344eae4c9cd36", size = 16427482, upload-time = "2025-05-09T20:26:20.376Z" },
]

[[package]]
name = "opencv-python-headless"
version = "4.10.0.84"
source = { registry = "https://pypi.tuna.tsinghua.edu.cn/simple" }
dependencies = [
    { name = "numpy" },
]
sdist = { url = "https://pypi.tuna.tsinghua.edu.cn/packages/2f/7e/d20f68a5f1487adf19d74378d349932a386b1ece3be9be9915e5986db468/opencv-python-headless-4.10.0.84.tar.gz", hash = "sha256:f2017c6101d7c2ef8d7bc3b414c37ff7f54d64413a1847d89970b6b7069b4e1a", size = 95117755, upload-time = "2024-06-17T18:32:15.606Z" }
wheels = [
    { url = "https://pypi.tuna.tsinghua.edu.cn/packages/1c/9b/583c8d9259f6fc19413f83fd18dd8e6cbc8eefb0b4dc6da52dd151fe3272/opencv_python_headless-4.10.0.84-cp37-abi3-macosx_11_0_arm64.whl", hash = "sha256:a4f4bcb07d8f8a7704d9c8564c224c8b064c63f430e95b61ac0bffaa374d330e", size = 54835657, upload-time = "2024-06-18T04:58:12.904Z" },
    { url = "https://pypi.tuna.tsinghua.edu.cn/packages/c0/7b/b4c67f5dad7a9a61c47f7a39e4050e8a4628bd64b3c3daaeb755d759f928/opencv_python_headless-4.10.0.84-cp37-abi3-macosx_12_0_x86_64.whl", hash = "sha256:5ae454ebac0eb0a0b932e3406370aaf4212e6a3fdb5038cc86c7aea15a6851da", size = 56475470, upload-time = "2024-06-17T19:34:39.604Z" },
    { url = "https://pypi.tuna.tsinghua.edu.cn/packages/91/61/f838ce2046f3ec3591ea59ea3549085e399525d3b4558c4ed60b55ed88c0/opencv_python_headless-4.10.0.84-cp37-abi3-manylinux_2_17_aarch64.manylinux2014_aarch64.whl", hash = "sha256:46071015ff9ab40fccd8a163da0ee14ce9846349f06c6c8c0f2870856ffa45db", size = 29329705, upload-time = "2024-06-17T20:00:49.406Z" },
    { url = "https://pypi.tuna.tsinghua.edu.cn/packages/d1/09/248f86a404567303cdf120e4a301f389b68e3b18e5c0cc428de327da609c/opencv_python_headless-4.10.0.84-cp37-abi3-manylinux_2_17_x86_64.manylinux2014_x86_64.whl", hash = "sha256:377d08a7e48a1405b5e84afcbe4798464ce7ee17081c1c23619c8b398ff18295", size = 49858781, upload-time = "2024-06-17T18:31:49.495Z" },
    { url = "https://pypi.tuna.tsinghua.edu.cn/packages/30/c0/66f88d58500e990a9a0a5c06f98862edf1d0a3a430781218a8c193948438/opencv_python_headless-4.10.0.84-cp37-abi3-win32.whl", hash = "sha256:9092404b65458ed87ce932f613ffbb1106ed2c843577501e5768912360fc50ec", size = 28675298, upload-time = "2024-06-17T18:28:56.897Z" },
    { url = "https://pypi.tuna.tsinghua.edu.cn/packages/26/d0/22f68eb23eea053a31655960f133c0be9726c6a881547e6e9e7e2a946c4f/opencv_python_headless-4.10.0.84-cp37-abi3-win_amd64.whl", hash = "sha256:afcf28bd1209dd58810d33defb622b325d3cbe49dcd7a43a902982c33e5fad05", size = 38754031, upload-time = "2024-06-17T18:29:04.871Z" },
]

[[package]]
name = "packaging"
version = "26.3"
source = { registry = "https://pypi.tuna.tsinghua.edu.cn/simple" }
sdist = { url = "https://pypi.tuna.tsinghua.edu.cn/packages/7d/fa/3944b40b07da9ce895c0e6303a5ab7d53da063554f534556b134a54d6093/packaging-26.3.tar.gz", hash = "sha256:94edc256424af38762eb31306eed28beb9f0efc50a8837492c9d6fd6004aed79", size = 313412, upload-time = "2026-08-04T18:15:28.737Z" }
wheels = [
    { url = "https://pypi.tuna.tsinghua.edu.cn/packages/63/34/ba1c580383c9eada3711951fef0795c80b829a078d72188184bcab9dd527/packaging-26.3-py3-none-any.whl", hash = "sha256:d7193f7c8e4e93f444fde0262bf90af30e16fa0ad0ad44cb553c87339b23cd1c", size = 129956, upload-time = "2026-08-04T18:15:27.159Z" },
]

[[package]]
name = "protobuf"
version = "4.25.9"
source = { registry = "https://pypi.tuna.tsinghua.edu.cn/simple" }
sdist = { url = "https://pypi.tuna.tsinghua.edu.cn/packages/d9/8e/d08c41a8c004e1d437ef467e7c4f9c3295cd784eba48ed5d1d01f94b1dad/protobuf-4.25.9.tar.gz", hash = "sha256:b0dc7e7c68de8b1ce831dacb12fb407e838edbb8b6cc0dc3a2a6b4cbf6de9cff", size = 381040, upload-time = "2026-03-25T23:09:36.423Z" }
wheels = [
    { url = "https://pypi.tuna.tsinghua.edu.cn/packages/a8/e9/59435bd04bdd46cb38c42a336b22f9843e8e586ff83c35a5423f8b14704e/protobuf-4.25.9-cp310-abi3-win32.whl", hash = "sha256:bde396f568b0b46fc8fbfe9f02facf25b6755b2578a3b8ac61e74b9d69499e03", size = 392879, upload-time = "2026-03-25T23:09:21.32Z" },
    { url = "https://pypi.tuna.tsinghua.edu.cn/packages/f3/16/42a5c7f1001783d2b5bfcecde10127f09010f78982c86ae409122ce3ece6/protobuf-4.25.9-cp310-abi3-win_amd64.whl", hash = "sha256:3683c05154252206f7cb2d371626514b3708199d9bcf683b503dabf3a2e38e06", size = 413900, upload-time = "2026-03-25T23:09:23.589Z" },
    { url = "https://pypi.tuna.tsinghua.edu.cn/packages/56/5b/0074a0a9eb01f3d1c4648ca5e81b22090c811b210b61df9018ac6d6c5cda/protobuf-4.25.9-cp37-abi3-macosx_10_9_universal2.whl", hash = "sha256:9560813560e6ee72c11ca8873878bdb7ee003c96a57ebb013245fe84e2540904", size = 394826, upload-time = "2026-03-25T23:09:25.194Z" },
    { url = "https://pypi.tuna.tsinghua.edu.cn/packages/54/aa/b2dba856f64c36b2a06c67be1472de98cca07a2322d0f0cbf03279a40e5b/protobuf-4.25.9-cp37-abi3-manylinux2014_aarch64.whl", hash = "sha256:999146ef02e7fa6a692477badd1528bcd7268df211852a3df2d834ba2b480791", size = 294191, upload-time = "2026-03-25T23:09:26.613Z" },
    { url = "https://pypi.tuna.tsinghua.edu.cn/packages/a8/5c/53f18822017b8bda6bd8bb4e02048e911fdc79a3dafdc83ab994fe922a84/protobuf-4.25.9-cp37-abi3-manylinux2014_x86_64.whl", hash = "sha256:438c636de8fb706a0de94a12a268ef1ae8f5ba5ae655a7671fcda5968ba3c9be", size = 295178, upload-time = "2026-03-25T23:09:27.839Z" },
    { url = "https://pypi.tuna.tsinghua.edu.cn/packages/16/28/d5065b212685875d3924bcdb3201cbf467cb4d58a18aa19a8dfd99ea80a9/protobuf-4.25.9-py3-none-any.whl", hash = "sha256:d49b615e7c935194ac161f0965699ac84df6112c378e05ec53da65d2e4cbb6d4", size = 156822, upload-time = "2026-03-25T23:09:34.957Z" },
]

[[package]]
name = "psycopg"
version = "3.2.10"
source = { registry = "https://pypi.tuna.tsinghua.edu.cn/simple" }
dependencies = [
    { name = "typing-extensions", marker = "python_full_version < '3.13'" },
    { name = "tzdata", marker = "sys_platform == 'win32'" },
]
sdist = { url = "https://pypi.tuna.tsinghua.edu.cn/packages/a9/f1/0258a123c045afaf3c3b60c22ccff077bceeb24b8dc2c593270899353bd0/psycopg-3.2.10.tar.gz", hash = "sha256:0bce99269d16ed18401683a8569b2c5abd94f72f8364856d56c0389bcd50972a", size = 160380, upload-time = "2025-09-08T09:13:37.775Z" }
wheels = [
    { url = "https://pypi.tuna.tsinghua.edu.cn/packages/4a/90/422ffbbeeb9418c795dae2a768db860401446af0c6768bc061ce22325f58/psycopg-3.2.10-py3-none-any.whl", hash = "sha256:ab5caf09a9ec42e314a21f5216dbcceac528e0e05142e42eea83a3b28b320ac3", size = 206586, upload-time = "2025-09-08T09:07:50.121Z" },
]

[package.optional-dependencies]
binary = [
    { name = "psycopg-binary", marker = "implementation_name != 'pypy'" },
]

[[package]]
name = "psycopg-binary"
version = "3.2.10"
source = { registry = "https://pypi.tuna.tsinghua.edu.cn/simple" }
wheels = [
    { url = "https://pypi.tuna.tsinghua.edu.cn/packages/a6/34/91c127fdedf8b270b1e3acc9f849d07ee8b80194379590c6f48dcc842924/psycopg_binary-3.2.10-cp312-cp312-macosx_10_13_x86_64.whl", hash = "sha256:1dee2f4d2adc9adacbfecf8254bd82f6ac95cff707e1b9b99aa721cd1ef16b47", size = 3983963, upload-time = "2025-09-08T09:09:38.454Z" },
    { url = "https://pypi.tuna.tsinghua.edu.cn/packages/1e/03/1d10ce2bf70cf549a8019639dc0c49be03e41092901d4324371a968b8c01/psycopg_binary-3.2.10-cp312-cp312-macosx_11_0_arm64.whl", hash = "sha256:8b45e65383da9c4a42a56f817973e521e893f4faae897fe9f1a971f9fe799742", size = 4069171, upload-time = "2025-09-08T09:09:44.395Z" },
    { url = "https://pypi.tuna.tsinghua.edu.cn/packages/4c/5e/39cb924d6e119145aa5fc5532f48e79c67e13a76675e9366c327098db7b5/psycopg_binary-3.2.10-cp312-cp312-manylinux2014_aarch64.manylinux_2_17_aarch64.whl", hash = "sha256:484d2b1659afe0f8f1cef5ea960bb640e96fa864faf917086f9f833f5c7a8034", size = 4610780, upload-time = "2025-09-08T09:09:53.073Z" },
    { url = "https://pypi.tuna.tsinghua.edu.cn/packages/20/05/5a1282ebc4e39f5890abdd4bb7edfe9d19e4667497a1793ad288a8b81826/psycopg_binary-3.2.10-cp312-cp312-manylinux2014_ppc64le.manylinux_2_17_ppc64le.whl", hash = "sha256:3bb4046973264ebc8cb7e20a83882d68577c1f26a6f8ad4fe52e4468cd9a8eee", size = 4700479, upload-time = "2025-09-08T09:09:58.183Z" },
    { url = "https://pypi.tuna.tsinghua.edu.cn/packages/af/7a/e1c06e558ca3f37b7e6b002e555ebcfce0bf4dee6f3ae589a7444e16ce17/psycopg_binary-3.2.10-cp312-cp312-manylinux2014_x86_64.manylinux_2_17_x86_64.whl", hash = "sha256:14bcbcac0cab465d88b2581e43ec01af4b01c9833e663f1352e05cb41be19e44", size = 4391772, upload-time = "2025-09-08T09:10:04.406Z" },
    { url = "https://pypi.tuna.tsinghua.edu.cn/packages/6a/d6/56f449c86988c9a97dc6c5f31d3689cfe8aedb37f2a02bd3e3882465d385/psycopg_binary-3.2.10-cp312-cp312-musllinux_1_2_aarch64.whl", hash = "sha256:70bb7f665587dfd79e69f48b34efe226149454d7aab138ed22d5431d703de2f6", size = 3858214, upload-time = "2025-09-08T09:10:09.693Z" },
    { url = "https://pypi.tuna.tsinghua.edu.cn/packages/93/56/f9eed67c9a1701b1e315f3687ff85f2f22a0a7d0eae4505cff65ef2f2679/psycopg_binary-3.2.10-cp312-cp312-musllinux_1_2_ppc64le.whl", hash = "sha256:d2fe9eaa367f6171ab1a21a7dcb335eb2398be7f8bb7e04a20e2260aedc6f782", size = 3528051, upload-time = "2025-09-08T09:10:13.423Z" },
    { url = "https://pypi.tuna.tsinghua.edu.cn/packages/25/cc/636709c72540cb859566537c0a03e46c3d2c4c4c2e13f78df46b6c4082b3/psycopg_binary-3.2.10-cp312-cp312-musllinux_1_2_x86_64.whl", hash = "sha256:299834cce3eec0c48aae5a5207fc8f0c558fd65f2ceab1a36693329847da956b", size = 3580117, upload-time = "2025-09-08T09:10:17.81Z" },
    { url = "https://pypi.tuna.tsinghua.edu.cn/packages/c1/a8/a2c822fa06b0dbbb8ad4b0221da2534f77bac54332d2971dbf930f64be5a/psycopg_binary-3.2.10-cp312-cp312-win_amd64.whl", hash = "sha256:e037aac8dc894d147ef33056fc826ee5072977107a3fdf06122224353a057598", size = 2878872, upload-time = "2025-09-08T09:10:22.162Z" },
    { url = "https://pypi.tuna.tsinghua.edu.cn/packages/3a/80/db840f7ebf948ab05b4793ad34d4da6ad251829d6c02714445ae8b5f1403/psycopg_binary-3.2.10-cp313-cp313-macosx_10_13_x86_64.whl", hash = "sha256:55b14f2402be027fe1568bc6c4d75ac34628ff5442a70f74137dadf99f738e3b", size = 3982057, upload-time = "2025-09-08T09:10:28.725Z" },
    { url = "https://pypi.tuna.tsinghua.edu.cn/packages/2d/53/39308328bb8388b1ec3501a16128c5ada405f217c6d91b3d921b9f3c5604/psycopg_binary-3.2.10-cp313-cp313-macosx_11_0_arm64.whl", hash = "sha256:43d803fb4e108a67c78ba58f3e6855437ca25d56504cae7ebbfbd8fce9b59247", size = 4066830, upload-time = "2025-09-08T09:10:34.083Z" },
    { url = "https://pypi.tuna.tsinghua.edu.cn/packages/e7/5a/18e6f41b40c71197479468cb18703b2999c6e4ab06f9c05df3bf416a55d7/psycopg_binary-3.2.10-cp313-cp313-manylinux2014_aarch64.manylinux_2_17_aarch64.whl", hash = "sha256:470594d303928ab72a1ffd179c9c7bde9d00f76711d6b0c28f8a46ddf56d9807", size = 4610747, upload-time = "2025-09-08T09:10:39.697Z" },
    { url = "https://pypi.tuna.tsinghua.edu.cn/packages/be/ab/9198fed279aca238c245553ec16504179d21aad049958a2865d0aa797db4/psycopg_binary-3.2.10-cp313-cp313-manylinux2014_ppc64le.manylinux_2_17_ppc64le.whl", hash = "sha256:a1d4e4d309049e3cb61269652a3ca56cb598da30ecd7eb8cea561e0d18bc1a43", size = 4700301, upload-time = "2025-09-08T09:10:44.715Z" },
    { url = "https://pypi.tuna.tsinghua.edu.cn/packages/fc/0d/59024313b5e6c5da3e2a016103494c609d73a95157a86317e0f600c8acb3/psycopg_binary-3.2.10-cp313-cp313-manylinux2014_x86_64.manylinux_2_17_x86_64.whl", hash = "sha256:a92ff1c2cd79b3966d6a87e26ceb222ecd5581b5ae4b58961f126af806a861ed", size = 4392679, upload-time = "2025-09-08T09:10:49.106Z" },
    { url = "https://pypi.tuna.tsinghua.edu.cn/packages/ff/47/21ef15d8a66e3a7a76a177f885173d27f0c5cbe39f5dd6eda9832d6b4e19/psycopg_binary-3.2.10-cp313-cp313-musllinux_1_2_aarch64.whl", hash = "sha256:ac0365398947879c9827b319217096be727da16c94422e0eb3cf98c930643162", size = 3857881, upload-time = "2025-09-08T09:10:56.75Z" },
    { url = "https://pypi.tuna.tsinghua.edu.cn/packages/af/35/c5e5402ccd40016f15d708bbf343b8cf107a58f8ae34d14dc178fdea4fd4/psycopg_binary-3.2.10-cp313-cp313-musllinux_1_2_ppc64le.whl", hash = "sha256:42ee399c2613b470a87084ed79b06d9d277f19b0457c10e03a4aef7059097abc", size = 3531135, upload-time = "2025-09-08T09:11:03.346Z" },
    { url = "https://pypi.tuna.tsinghua.edu.cn/packages/e6/e2/9b82946859001fe5e546c8749991b8b3b283f40d51bdc897d7a8e13e0a5e/psycopg_binary-3.2.10-cp313-cp313-musllinux_1_2_x86_64.whl", hash = "sha256:2028073fc12cd70ba003309d1439c0c4afab4a7eee7653b8c91213064fffe12b", size = 3581813, upload-time = "2025-09-08T09:11:08.76Z" },
    { url = "https://pypi.tuna.tsinghua.edu.cn/packages/c5/91/c10cfccb75464adb4781486e0014ecd7c2ad6decf6cbe0afd8db65ac2bc9/psycopg_binary-3.2.10-cp313-cp313-win_amd64.whl", hash = "sha256:8390db6d2010ffcaf7f2b42339a2da620a7125d37029c1f9b72dfb04a8e7be6f", size = 2881466, upload-time = "2025-09-08T09:11:14.078Z" },
    { url = "https://pypi.tuna.tsinghua.edu.cn/packages/fd/89/b0702ba0d007cc787dd7a205212c8c8cae229d1e7214c8e27bdd3b13d33e/psycopg_binary-3.2.10-cp314-cp314-macosx_10_13_x86_64.whl", hash = "sha256:b34c278a58aa79562afe7f45e0455b1f4cad5974fc3d5674cc5f1f9f57e97fc5", size = 3981253, upload-time = "2025-09-08T09:11:19.864Z" },
    { url = "https://pypi.tuna.tsinghua.edu.cn/packages/dc/c9/e51ac72ac34d1d8ea7fd861008ad8de60e56997f5bd3fbae7536570f6f58/psycopg_binary-3.2.10-cp314-cp314-macosx_11_0_arm64.whl", hash = "sha256:810f65b9ef1fe9dddb5c05937884ea9563aaf4e1a2c3d138205231ed5f439511", size = 4067542, upload-time = "2025-09-08T09:11:25.366Z" },
    { url = "https://pypi.tuna.tsinghua.edu.cn/packages/d6/27/49625c79ae89959a070c1fb63ebb5c6eed426fa09e15086b6f5b626fcdc2/psycopg_binary-3.2.10-cp314-cp314-manylinux2014_aarch64.manylinux_2_17_aarch64.whl", hash = "sha256:8923487c3898c65e1450847e15d734bb2e6adbd2e79d2d1dd5ad829a1306bdc0", size = 4615338, upload-time = "2025-09-08T09:11:31.079Z" },
    { url = "https://pypi.tuna.tsinghua.edu.cn/packages/b9/0d/9fdb5482f50f56303770ea8a3b1c1f32105762da731c7e2a4f425e0b3887/psycopg_binary-3.2.10-cp314-cp314-manylinux2014_ppc64le.manylinux_2_17_ppc64le.whl", hash = "sha256:7950ff79df7a453ac8a7d7a74694055b6c15905b0a2b6e3c99eb59c51a3f9bf7", size = 4703401, upload-time = "2025-09-08T09:11:38.718Z" },
    { url = "https://pypi.tuna.tsinghua.edu.cn/packages/3c/f3/eb2f75ca2c090bf1d0c90d6da29ef340876fe4533bcfc072a9fd94dd52b4/psycopg_binary-3.2.10-cp314-cp314-manylinux2014_x86_64.manylinux_2_17_x86_64.whl", hash = "sha256:0c2b95e83fda70ed2b0b4fadd8538572e4a4d987b721823981862d1ab56cc760", size = 4393458, upload-time = "2025-09-08T09:11:44.114Z" },
    { url = "https://pypi.tuna.tsinghua.edu.cn/packages/20/2e/887abe0591b2f1c1af31164b9efb46c5763e4418f403503bc9fbddaa02ef/psycopg_binary-3.2.10-cp314-cp314-musllinux_1_2_aarch64.whl", hash = "sha256:20384985fbc650c09a547a13c6d7f91bb42020d38ceafd2b68b7fc4a48a1f160", size = 3863733, upload-time = "2025-09-08T09:11:49.237Z" },
    { url = "https://pypi.tuna.tsinghua.edu.cn/packages/6b/8c/9446e3a84187220a98657ef778518f9b44eba55b1f6c3e8300d229ec9930/psycopg_binary-3.2.10-cp314-cp314-musllinux_1_2_ppc64le.whl", hash = "sha256:1f6982609b8ff8fcd67299b67cd5787da1876f3bb28fedd547262cfa8ddedf94", size = 3535121, upload-time = "2025-09-08T09:11:53.887Z" },
    { url = "https://pypi.tuna.tsinghua.edu.cn/packages/b4/e1/f0382c956bfaa951a0dbd4d5a354acf093ef7e5219996958143dfd2bf37d/psycopg_binary-3.2.10-cp314-cp314-musllinux_1_2_x86_64.whl", hash = "sha256:bf30dcf6aaaa8d4779a20d2158bdf81cc8e84ce8eee595d748a7671c70c7b890", size = 3584235, upload-time = "2025-09-08T09:12:01.118Z" },
    { url = "https://pypi.tuna.tsinghua.edu.cn/packages/5a/dd/464bd739bacb3b745a1c93bc15f20f0b1e27f0a64ec693367794b398673b/psycopg_binary-3.2.10-cp314-cp314-win_amd64.whl", hash = "sha256:d5c6a66a76022af41970bf19f51bc6bf87bd10165783dd1d40484bfd87d6b382", size = 2973554, upload-time = "2025-09-08T09:12:05.884Z" },
]

[[package]]
name = "pyreadline3"
version = "3.5.6"
source = { registry = "https://pypi.tuna.tsinghua.edu.cn/simple" }
sdist = { url = "https://pypi.tuna.tsinghua.edu.cn/packages/b6/6d/f94028646d7bbe6d9d873c47ee7c246f2d29129d253f0d96cb6fcab70733/pyreadline3-3.5.6.tar.gz", hash = "sha256:61e53218b99656091ddb077df9e71f25850e72e030b6183b39c9b7e6e4f4a9bf", size = 100368, upload-time = "2026-05-14T17:55:04.471Z" }
wheels = [
    { url = "https://pypi.tuna.tsinghua.edu.cn/packages/f7/5e/35c856e186b74678c24927847ad9895a51f1bc02a0c6126477a6c6040064/pyreadline3-3.5.6-py3-none-any.whl", hash = "sha256:8449b734232e42a5dcd74048e39b60db2839a4c38cf3ae2bf7707d58b5389c0d", size = 85243, upload-time = "2026-05-14T17:55:03.262Z" },
]

[[package]]
name = "python-dateutil"
version = "2.9.0.post0"
source = { registry = "https://pypi.tuna.tsinghua.edu.cn/simple" }
dependencies = [
    { name = "six" },
]
sdist = { url = "https://pypi.tuna.tsinghua.edu.cn/packages/66/c0/0c8b6ad9f17a802ee498c46e004a0eb49bc148f2fd230864601a86dcf6db/python-dateutil-2.9.0.post0.tar.gz", hash = "sha256:37dd54208da7e1cd875388217d5e00ebd4179249f90fb72437e91a35459a0ad3", size = 342432, upload-time = "2024-03-01T18:36:20.211Z" }
wheels = [
    { url = "https://pypi.tuna.tsinghua.edu.cn/packages/ec/57/56b9bcc3c9c6a792fcbaf139543cee77261f3651ca9da0c93f5c1221264b/python_dateutil-2.9.0.post0-py2.py3-none-any.whl", hash = "sha256:a8b2bc7bffae282281c8140a97d3aa9c14da0b136dfe83f850eea9a5f7470427", size = 229892, upload-time = "2024-03-01T18:36:18.57Z" },
]

[[package]]
name = "redis"
version = "5.2.1"
source = { registry = "https://pypi.tuna.tsinghua.edu.cn/simple" }
sdist = { url = "https://pypi.tuna.tsinghua.edu.cn/packages/47/da/d283a37303a995cd36f8b92db85135153dc4f7a8e4441aa827721b442cfb/redis-5.2.1.tar.gz", hash = "sha256:16f2e22dff21d5125e8481515e386711a34cbec50f0e44413dd7d9c060a54e0f", size = 4608355, upload-time = "2024-12-06T09:50:41.956Z" }
wheels = [
    { url = "https://pypi.tuna.tsinghua.edu.cn/packages/3c/5f/fa26b9b2672cbe30e07d9a5bdf39cf16e3b80b42916757c5f92bca88e4ba/redis-5.2.1-py3-none-any.whl", hash = "sha256:ee7e1056b9aea0f04c6c2ed59452947f34c4940ee025f5dd83e6a6418b6989e4", size = 261502, upload-time = "2024-12-06T09:50:39.656Z" },
]

[[package]]
name = "s3transfer"
version = "0.10.4"
source = { registry = "https://pypi.tuna.tsinghua.edu.cn/simple" }
dependencies = [
    { name = "botocore" },
]
sdist = { url = "https://pypi.tuna.tsinghua.edu.cn/packages/c0/0a/1cdbabf9edd0ea7747efdf6c9ab4e7061b085aa7f9bfc36bb1601563b069/s3transfer-0.10.4.tar.gz", hash = "sha256:29edc09801743c21eb5ecbc617a152df41d3c287f67b615f73e5f750583666a7", size = 145287, upload-time = "2024-11-20T21:06:05.981Z" }
wheels = [
    { url = "https://pypi.tuna.tsinghua.edu.cn/packages/66/05/7957af15543b8c9799209506df4660cba7afc4cf94bfb60513827e96bed6/s3transfer-0.10.4-py3-none-any.whl", hash = "sha256:244a76a24355363a68164241438de1b72f8781664920260c48465896b712a41e", size = 83175, upload-time = "2024-11-20T21:06:03.961Z" },
]

[[package]]
name = "six"
version = "1.17.0"
source = { registry = "https://pypi.tuna.tsinghua.edu.cn/simple" }
sdist = { url = "https://pypi.tuna.tsinghua.edu.cn/packages/94/e7/b2c673351809dca68a0e064b6af791aa332cf192da575fd474ed7d6f16a2/six-1.17.0.tar.gz", hash = "sha256:ff70335d468e7eb6ec65b95b99d3a2836546063f63acc5171de367e834932a81", size = 34031, upload-time = "2024-12-04T17:35:28.174Z" }
wheels = [
    { url = "https://pypi.tuna.tsinghua.edu.cn/packages/b7/ce/149a00dd41f10bc29e5921b496af8b574d8413afcd5e30dfa0ed46c2cc5e/six-1.17.0-py2.py3-none-any.whl", hash = "sha256:4721f391ed90541fddacab5acf947aa0d3dc7d27b2e1e8eda2be8970586c3274", size = 11050, upload-time = "2024-12-04T17:35:26.475Z" },
]

[[package]]
name = "sympy"
version = "1.14.0"
source = { registry = "https://pypi.tuna.tsinghua.edu.cn/simple" }
dependencies = [
    { name = "mpmath" },
]
sdist = { url = "https://pypi.tuna.tsinghua.edu.cn/packages/83/d3/803453b36afefb7c2bb238361cd4ae6125a569b4db67cd9e79846ba2d68c/sympy-1.14.0.tar.gz", hash = "sha256:d3d3fe8df1e5a0b42f0e7bdf50541697dbe7d23746e894990c030e2b05e72517", size = 7793921, upload-time = "2025-04-27T18:05:01.611Z" }
wheels = [
    { url = "https://pypi.tuna.tsinghua.edu.cn/packages/a2/09/77d55d46fd61b4a135c444fc97158ef34a095e5681d0a6c10b75bf356191/sympy-1.14.0-py3-none-any.whl", hash = "sha256:e091cc3e99d2141a0ba2847328f5479b05d94a6635cb96148ccb3f34671bd8f5", size = 6299353, upload-time = "2025-04-27T18:04:59.103Z" },
]

[[package]]
name = "typing-extensions"
version = "4.16.0"
source = { registry = "https://pypi.tuna.tsinghua.edu.cn/simple" }
sdist = { url = "https://pypi.tuna.tsinghua.edu.cn/packages/f6/cc/6253133b5bb138fc3306cebfbda2c520f545d36b5be2c7255cc528bb45d6/typing_extensions-4.16.0.tar.gz", hash = "sha256:dc983d19a509c94dba722ee6abd33940f7c05a89e243c47e907eb4db6f1a43e5", size = 113555, upload-time = "2026-07-02T08:40:05.92Z" }
wheels = [
    { url = "https://pypi.tuna.tsinghua.edu.cn/packages/49/d3/b8441a820a491ddfc024b0b0cf0393375b75ea13866d9c66727e54c2fc80/typing_extensions-4.16.0-py3-none-any.whl", hash = "sha256:481caa481374e813c1b176ada14e97f1f67a4539ce9cfeb3f350d78d6370c2e8", size = 45571, upload-time = "2026-07-02T08:40:04.659Z" },
]

[[package]]
name = "tzdata"
version = "2026.3"
source = { registry = "https://pypi.tuna.tsinghua.edu.cn/simple" }
sdist = { url = "https://pypi.tuna.tsinghua.edu.cn/packages/92/ff/5a28bdfd8c3ebec42564ac7d0e54ca3db65044a9314a97f9564fa7a1e926/tzdata-2026.3.tar.gz", hash = "sha256:4a1518b8993086a7982523e071643f3c0e5f213e75b21318e78bcabfff9d1415", size = 198674, upload-time = "2026-07-10T08:50:37.887Z" }
wheels = [
    { url = "https://pypi.tuna.tsinghua.edu.cn/packages/e5/6d/b53b99a9f2766d095985947a5782f1702cabb129a34f7a802d7197af832f/tzdata-2026.3-py2.py3-none-any.whl", hash = "sha256:dc096730c87af6cab1b171c9d532be840741ff5d459015e7f6947bd7d7e54931", size = 348168, upload-time = "2026-07-10T08:50:36.46Z" },
]

[[package]]
name = "urllib3"
version = "2.7.0"
source = { registry = "https://pypi.tuna.tsinghua.edu.cn/simple" }
sdist = { url = "https://pypi.tuna.tsinghua.edu.cn/packages/53/0c/06f8b233b8fd13b9e5ee11424ef85419ba0d8ba0b3138bf360be2ff56953/urllib3-2.7.0.tar.gz", hash = "sha256:231e0ec3b63ceb14667c67be60f2f2c40a518cb38b03af60abc813da26505f4c", size = 433602, upload-time = "2026-05-07T16:13:18.596Z" }
wheels = [
    { url = "https://pypi.tuna.tsinghua.edu.cn/packages/7f/3e/5db95bcf282c52709639744ca2a8b149baccf648e39c8cc87553df9eae0c/urllib3-2.7.0-py3-none-any.whl", hash = "sha256:9fb4c81ebbb1ce9531cce37674bbc6f1360472bc18ca9a553ede278ef7276897", size = 131087, upload-time = "2026-05-07T16:13:17.151Z" },
]
